PODS:
  - Kiwi (3.0.0)
  - TransitionKit (2.2.1)

DEPENDENCIES:
  - Kiwi
  - TransitionKit (from `.`)

SPEC REPOS:
  https://github.com/CocoaPods/Specs.git:
    - Kiwi

EXTERNAL SOURCES:
  TransitionKit:
    :path: "."

SPEC CHECKSUMS:
  Kiwi: fbeafef0f00e4d8f7dcb3420a4930afe70af77f7
  TransitionKit: 904f9083c5b50f6c6ef899a88a660c3042e631a8

PODFILE CHECKSUM: 45225051eb7bd92a370b4b7d3cd5f631453a9ce8

COCOAPODS: 1.5.0
