PODS:
  - Kiwi (2.4.0)
  - TransitionKit (2.2.1)

DEPENDENCIES:
  - Kiwi
  - TransitionKit (from `.`)

EXTERNAL SOURCES:
  TransitionKit:
    :path: .

SPEC CHECKSUMS:
  Kiwi: f49c9d54b28917df5928fe44968a39ed198cb8a8
  TransitionKit: 9ceccda4cd0cdc0a05ef85eb235e5a3292c3c250

PODFILE CHECKSUM: acb20e346c68d64a913301550d18a614daea2e4c

COCOAPODS: 1.3.1
